
Microsoft Visual Studio Solution File, Format Version 12.00
# Visual Studio 15
VisualStudioVersion = 15.0.27004.2009
MinimumVisualStudioVersion = 10.0.40219.1
Project("{2150E333-8FDC-42A3-9474-1A3956D46DE8}") = "CaixaEletronico", "CaixaEletronico", "{FC6EB1D0-6A94-4A97-9926-4C5EBAE2501E}"
EndProject
Project("{9A19103F-16F7-4668-BE54-9A1E7A4F7556}") = "AvaliacaoCaixaCaixaEletronico", "CaixaEletronico\AvaliacaoCaixaEletronico\AvaliacaoCaixaCaixaEletronico.csproj", "{B6D92839-9C35-4485-8850-4FA1E11C346F}"
EndProject
Project("{9A19103F-16F7-4668-BE54-9A1E7A4F7556}") = "AvaliacaoCaixaEletronico.Test", "CaixaEletronico\AvaliacaoCaixaEletronico.Test\AvaliacaoCaixaEletronico.Test.csproj", "{EB981777-9E35-4DD5-ADEA-F9215851010C}"
EndProject
Global
	GlobalSection(SolutionConfigurationPlatforms) = preSolution
		Debug|Any CPU = Debug|Any CPU
		Release|Any CPU = Release|Any CPU
	EndGlobalSection
	GlobalSection(ProjectConfigurationPlatforms) = postSolution
		{B6D92839-9C35-4485-8850-4FA1E11C346F}.Debug|Any CPU.ActiveCfg = Debug|Any CPU
		{B6D92839-9C35-4485-8850-4FA1E11C346F}.Debug|Any CPU.Build.0 = Debug|Any CPU
		{B6D92839-9C35-4485-8850-4FA1E11C346F}.Release|Any CPU.ActiveCfg = Release|Any CPU
		{B6D92839-9C35-4485-8850-4FA1E11C346F}.Release|Any CPU.Build.0 = Release|Any CPU
		{EB981777-9E35-4DD5-ADEA-F9215851010C}.Debug|Any CPU.ActiveCfg = Debug|Any CPU
		{EB981777-9E35-4DD5-ADEA-F9215851010C}.Debug|Any CPU.Build.0 = Debug|Any CPU
		{EB981777-9E35-4DD5-ADEA-F9215851010C}.Release|Any CPU.ActiveCfg = Release|Any CPU
		{EB981777-9E35-4DD5-ADEA-F9215851010C}.Release|Any CPU.Build.0 = Release|Any CPU
	EndGlobalSection
	GlobalSection(SolutionProperties) = preSolution
		HideSolutionNode = FALSE
	EndGlobalSection
	GlobalSection(NestedProjects) = preSolution
		{B6D92839-9C35-4485-8850-4FA1E11C346F} = {FC6EB1D0-6A94-4A97-9926-4C5EBAE2501E}
		{EB981777-9E35-4DD5-ADEA-F9215851010C} = {FC6EB1D0-6A94-4A97-9926-4C5EBAE2501E}
	EndGlobalSection
	GlobalSection(ExtensibilityGlobals) = postSolution
		SolutionGuid = {CE6B986E-D32F-4335-822D-DB8EB07F9188}
	EndGlobalSection
EndGlobal
